
Microsoft Visual Studio Solution File, Format Version 12.00
# Visual Studio Version 17
VisualStudioVersion = 17.13.35806.99 d17.13
MinimumVisualStudioVersion = 10.0.40219.1
Project("{FAE04EC0-301F-11D3-BF4B-00C04F79EFBC}") = "AdminDashboard.API", "AdminDashboardBackend\AdminDashboard.API.csproj", "{B6A514B2-8C61-4833-B7DD-479A8FFE321D}"
EndProject
Project("{FAE04EC0-301F-11D3-BF4B-00C04F79EFBC}") = "AdminDashboard.Domain", "AdminDashboard.Domain\AdminDashboard.Domain.csproj", "{6357506E-757F-4224-BE43-2B3EE8CF8235}"
EndProject
Project("{FAE04EC0-301F-11D3-BF4B-00C04F79EFBC}") = "AdminDashboard.Infrastructure", "AdminDashboard.Infrastructure\AdminDashboard.Infrastructure.csproj", "{99ED6514-9091-4A05-8E22-09C9B95EC6B2}"
EndProject
Global
	GlobalSection(SolutionConfigurationPlatforms) = preSolution
		Debug|Any CPU = Debug|Any CPU
		Release|Any CPU = Release|Any CPU
	EndGlobalSection
	GlobalSection(ProjectConfigurationPlatforms) = postSolution
		{B6A514B2-8C61-4833-B7DD-479A8FFE321D}.Debug|Any CPU.ActiveCfg = Debug|Any CPU
		{B6A514B2-8C61-4833-B7DD-479A8FFE321D}.Debug|Any CPU.Build.0 = Debug|Any CPU
		{B6A514B2-8C61-4833-B7DD-479A8FFE321D}.Release|Any CPU.ActiveCfg = Release|Any CPU
		{B6A514B2-8C61-4833-B7DD-479A8FFE321D}.Release|Any CPU.Build.0 = Release|Any CPU
		{6357506E-757F-4224-BE43-2B3EE8CF8235}.Debug|Any CPU.ActiveCfg = Debug|Any CPU
		{6357506E-757F-4224-BE43-2B3EE8CF8235}.Debug|Any CPU.Build.0 = Debug|Any CPU
		{6357506E-757F-4224-BE43-2B3EE8CF8235}.Release|Any CPU.ActiveCfg = Release|Any CPU
		{6357506E-757F-4224-BE43-2B3EE8CF8235}.Release|Any CPU.Build.0 = Release|Any CPU
		{99ED6514-9091-4A05-8E22-09C9B95EC6B2}.Debug|Any CPU.ActiveCfg = Debug|Any CPU
		{99ED6514-9091-4A05-8E22-09C9B95EC6B2}.Debug|Any CPU.Build.0 = Debug|Any CPU
		{99ED6514-9091-4A05-8E22-09C9B95EC6B2}.Release|Any CPU.ActiveCfg = Release|Any CPU
		{99ED6514-9091-4A05-8E22-09C9B95EC6B2}.Release|Any CPU.Build.0 = Release|Any CPU
	EndGlobalSection
	GlobalSection(SolutionProperties) = preSolution
		HideSolutionNode = FALSE
	EndGlobalSection
	GlobalSection(ExtensibilityGlobals) = postSolution
		SolutionGuid = {BBDF4C68-9015-4415-A6D8-016398DF5B00}
	EndGlobalSection
EndGlobal
